<?xml version="1.0" encoding="utf-8"?>
<Project ToolsVersion="4.0" xmlns="http://schemas.microsoft.com/developer/msbuild/2003">
  <ItemGroup>
    <Filter Include="Resource">
      <UniqueIdentifier>{82f87aee-fe19-49c5-ab86-8fefbdd3f528}</UniqueIdentifier>
    </Filter>
    <Filter Include="Main">
      <UniqueIdentifier>{166989e0-d648-49ea-998c-627722d5b9cd}</UniqueIdentifier>
    </Filter>
    <Filter Include="Misc">
      <UniqueIdentifier>{5d5501a8-a7ad-4399-99cb-b3b436d49d52}</UniqueIdentifier>
    </Filter>
    <Filter Include="Test">
      <UniqueIdentifier>{664ed9a4-b4f7-406e-aa44-f46b4d9bc4e7}</UniqueIdentifier>
    </Filter>
  </ItemGroup>
  <ItemGroup>
    <ClInclude Include="framework.h">
      <Filter>Misc</Filter>
    </ClInclude>
    <ClInclude Include="IdealGraphicsDemo.h">
      <Filter>Misc</Filter>
    </ClInclude>
    <ClInclude Include="Resource.h">
      <Filter>Misc</Filter>
    </ClInclude>
    <ClInclude Include="targetver.h">
      <Filter>Misc</Filter>
    </ClInclude>
    <ClInclude Include="Test.h">
      <Filter>Test</Filter>
    </ClInclude>
  </ItemGroup>
  <ItemGroup>
    <Image Include="IdealGraphicsDemo.ico">
      <Filter>Misc</Filter>
    </Image>
    <Image Include="small.ico">
      <Filter>Misc</Filter>
    </Image>
  </ItemGroup>
  <ItemGroup>
    <ClCompile Include="IdealGraphicsDemo.cpp">
      <Filter>Main</Filter>
    </ClCompile>
    <ClCompile Include="Test.cpp">
      <Filter>Test</Filter>
    </ClCompile>
  </ItemGroup>
  <ItemGroup>
    <ResourceCompile Include="IdealGraphicsDemo.rc">
      <Filter>Misc</Filter>
    </ResourceCompile>
  </ItemGroup>
</Project>