<?xml version="1.0" encoding="utf-8"?>
<Project ToolsVersion="4.0" xmlns="http://schemas.microsoft.com/developer/msbuild/2003">
  <ItemGroup>
    <Filter Include="Processor">
      <UniqueIdentifier>{2d61da62-e163-4969-8b93-90af99074a0e}</UniqueIdentifier>
    </Filter>
    <Filter Include="Manager">
      <UniqueIdentifier>{d8c80c80-e82f-4d50-9fd6-98dbf95656ee}</UniqueIdentifier>
    </Filter>
    <Filter Include="Enitity">
      <UniqueIdentifier>{2ba566d2-042a-453c-a6b7-b56a2c240a60}</UniqueIdentifier>
    </Filter>
    <Filter Include="Component">
      <UniqueIdentifier>{1b10218d-b44c-4430-926a-94c08b180b5c}</UniqueIdentifier>
    </Filter>
    <Filter Include="Manager\Time">
      <UniqueIdentifier>{58126935-e9d1-4841-bfa6-13faeafce636}</UniqueIdentifier>
    </Filter>
    <Filter Include="Manager\Input">
      <UniqueIdentifier>{17d5a98c-45a5-44dd-aeb2-a0ab29880e81}</UniqueIdentifier>
    </Filter>
    <Filter Include="Manager\Scene">
      <UniqueIdentifier>{dbd7dae4-1ad3-4740-b82e-59c9e5a9ff91}</UniqueIdentifier>
    </Filter>
    <Filter Include="Manager\Event">
      <UniqueIdentifier>{a6e8ad69-7903-4335-9998-6fbe2029f319}</UniqueIdentifier>
    </Filter>
    <Filter Include="Component\Test">
      <UniqueIdentifier>{cc0d497e-382f-4f8f-ac7f-57f051aaf647}</UniqueIdentifier>
    </Filter>
    <Filter Include="Scene">
      <UniqueIdentifier>{adc16a59-2de1-498f-9a44-879f99ff8d65}</UniqueIdentifier>
    </Filter>
    <Filter Include="Scene\TestScene">
      <UniqueIdentifier>{992d8337-46cd-454c-a016-8b81b53c1567}</UniqueIdentifier>
    </Filter>
    <Filter Include="Component\Transform">
      <UniqueIdentifier>{98b98434-88e9-40c8-9c01-00d80c908808}</UniqueIdentifier>
    </Filter>
    <Filter Include="Manager\Event\Handler">
      <UniqueIdentifier>{4ac078e7-a49f-45ff-8f9e-d2f0ea4cd2af}</UniqueIdentifier>
    </Filter>
    <Filter Include="SimpleMath">
      <UniqueIdentifier>{7f903d8b-271c-4790-af9c-fdb88adbff31}</UniqueIdentifier>
    </Filter>
    <Filter Include="Reflection">
      <UniqueIdentifier>{e6553fe3-6a16-4460-9ff4-340edc8a62f4}</UniqueIdentifier>
    </Filter>
    <Filter Include="Utils">
      <UniqueIdentifier>{ae437e3a-922b-4503-bf21-22cae369f3c5}</UniqueIdentifier>
    </Filter>
    <Filter Include="Reflection\Advanced">
      <UniqueIdentifier>{d094facb-abcc-4efd-a9c0-3e0ee728eb96}</UniqueIdentifier>
    </Filter>
    <Filter Include="Manager\PhysX">
      <UniqueIdentifier>{2186477e-af5a-4e7e-bd1a-d93d848f20e7}</UniqueIdentifier>
    </Filter>
    <Filter Include="Component\Collider">
      <UniqueIdentifier>{289111b3-a41d-4bdd-8ade-4ad59032b944}</UniqueIdentifier>
    </Filter>
    <Filter Include="Component\Rigidbody">
      <UniqueIdentifier>{e206653b-b51f-4ec2-ac6f-fa5e0872692c}</UniqueIdentifier>
    </Filter>
    <Filter Include="Component\Collider\Box">
      <UniqueIdentifier>{b2a03901-feaf-4e76-b3a9-1e9ecadcb48f}</UniqueIdentifier>
    </Filter>
    <Filter Include="Component\Collider\Sphere">
      <UniqueIdentifier>{96fa1d36-4d6d-4f73-b58d-7b9b7ca759ef}</UniqueIdentifier>
    </Filter>
    <Filter Include="Component\Collider\Capsule">
      <UniqueIdentifier>{67d444dc-9f25-44d9-bba1-838a4b1a699c}</UniqueIdentifier>
    </Filter>
    <Filter Include="Manager\Graphics">
      <UniqueIdentifier>{90db0b8e-1f46-40c9-9a63-67706e8a6ec0}</UniqueIdentifier>
    </Filter>
    <Filter Include="Component\Mesh">
      <UniqueIdentifier>{881c1d1f-2b03-4b59-b335-cee1b6fab331}</UniqueIdentifier>
    </Filter>
    <Filter Include="Component\Camera">
      <UniqueIdentifier>{1671b10b-9e22-416a-ab9e-f588fcb23b9b}</UniqueIdentifier>
    </Filter>
    <Filter Include="Utils\String">
      <UniqueIdentifier>{f1866153-6909-4bab-8ded-dceb35cf8139}</UniqueIdentifier>
    </Filter>
    <Filter Include="Utils\Math">
      <UniqueIdentifier>{0a9672c8-1637-4454-8eb5-5a260ed8067d}</UniqueIdentifier>
    </Filter>
    <Filter Include="EditorUI">
      <UniqueIdentifier>{8cdc901d-3d08-4976-8218-64869e380411}</UniqueIdentifier>
    </Filter>
    <Filter Include="EditorUI\EditorCamera">
      <UniqueIdentifier>{cf2d5463-4092-42c4-9b6a-03ccc12e279a}</UniqueIdentifier>
    </Filter>
    <Filter Include="Utils\ImguiTypeUI">
      <UniqueIdentifier>{a0902df5-5f5d-4973-90a9-d85ffe22b24d}</UniqueIdentifier>
    </Filter>
    <Filter Include="Component\Light">
      <UniqueIdentifier>{a65ba688-b5f5-4941-a366-5a9d0166e587}</UniqueIdentifier>
    </Filter>
    <Filter Include="Component\Animator">
      <UniqueIdentifier>{4ba11faf-34ca-4872-8cee-cf7fbee5017e}</UniqueIdentifier>
    </Filter>
    <Filter Include="Component\PlayerController">
      <UniqueIdentifier>{30e9c4d0-e55a-4477-a2dd-4d7751940ad4}</UniqueIdentifier>
    </Filter>
    <Filter Include="Component\Collider\Mesh">
      <UniqueIdentifier>{a3d62599-8c3f-4505-8320-aaf4bcf2cc83}</UniqueIdentifier>
    </Filter>
    <Filter Include="UnityParser">
      <UniqueIdentifier>{e57a742f-8069-475e-82b1-9b8bac3d5fa2}</UniqueIdentifier>
    </Filter>
    <Filter Include="navMesh">
      <UniqueIdentifier>{245addea-d861-4c64-b048-dc2e97dd724e}</UniqueIdentifier>
    </Filter>
    <Filter Include="Component\Mesh\SkindedMesh">
      <UniqueIdentifier>{1f12477e-c5ec-4050-9948-8154cc431f88}</UniqueIdentifier>
    </Filter>
    <Filter Include="Component\Mesh\StaticMesh">
      <UniqueIdentifier>{af153011-55fd-4105-a6ae-59c7e6d4f705}</UniqueIdentifier>
    </Filter>
    <Filter Include="EditorUI\Context">
      <UniqueIdentifier>{2a7ebf82-cfa0-43cb-b031-51218f8e4cf0}</UniqueIdentifier>
    </Filter>
    <Filter Include="EditorUI\Context\Hierachy">
      <UniqueIdentifier>{6971012c-d0c3-44b9-807d-7dd014c4c4c4}</UniqueIdentifier>
    </Filter>
    <Filter Include="EditorUI\Context\inspector">
      <UniqueIdentifier>{fbccc527-8442-4ea3-9f62-c7cceda4207d}</UniqueIdentifier>
    </Filter>
    <Filter Include="EditorUI\Context\Menu">
      <UniqueIdentifier>{19f468ce-976b-49ba-a81c-935309f0306e}</UniqueIdentifier>
    </Filter>
    <Filter Include="EditorUI\Context\Menu\NewScene">
      <UniqueIdentifier>{cd64fe51-384a-4bbd-9de7-4bdd7057719c}</UniqueIdentifier>
    </Filter>
    <Filter Include="EditorUI\Context\Menu\Load Map Data">
      <UniqueIdentifier>{496e62cc-d6f2-4619-9648-ea91333e3945}</UniqueIdentifier>
    </Filter>
    <Filter Include="EditorUI\Context\Hierachy\LinkBone">
      <UniqueIdentifier>{49cc263a-f52b-4ec2-a4cb-840e21b094d3}</UniqueIdentifier>
    </Filter>
    <Filter Include="Utils\ThreadPool">
      <UniqueIdentifier>{b6dbf41d-e363-4ab9-b664-db41768b869d}</UniqueIdentifier>
    </Filter>
    <Filter Include="EditorUI\Context\Menu\UnityDataLoad">
      <UniqueIdentifier>{1d893df8-34dc-4983-979f-4ee92b67bc95}</UniqueIdentifier>
    </Filter>
    <Filter Include="Component\UI">
      <UniqueIdentifier>{56aa9117-ed04-4847-847d-5dbba433fa1a}</UniqueIdentifier>
    </Filter>
    <Filter Include="Manager\Particle">
      <UniqueIdentifier>{e3db038f-f88e-408e-9f1c-a41b2f2485f4}</UniqueIdentifier>
    </Filter>
    <Filter Include="Manager\sound">
      <UniqueIdentifier>{a5b864c0-d07f-4547-bd36-7d537ad1e424}</UniqueIdentifier>
    </Filter>
    <Filter Include="Utils\File">
      <UniqueIdentifier>{31f8c7b2-a354-48b8-a224-a789a244d0b3}</UniqueIdentifier>
    </Filter>
    <Filter Include="Component\UI\ButtonBehavior">
      <UniqueIdentifier>{5843688b-38bf-47b3-8efc-84303c9c2e90}</UniqueIdentifier>
    </Filter>
    <Filter Include="Utils\Factory">
      <UniqueIdentifier>{ea702d86-b2cb-426b-a344-423f6facc789}</UniqueIdentifier>
    </Filter>
    <Filter Include="Utils\Factory\Component">
      <UniqueIdentifier>{3b178c0b-8008-4815-8ce4-87622800a6b5}</UniqueIdentifier>
    </Filter>
    <Filter Include="Utils\Factory\Button">
      <UniqueIdentifier>{44fff902-fec8-4017-8097-da454fb53fc5}</UniqueIdentifier>
    </Filter>
    <Filter Include="Imgae">
      <UniqueIdentifier>{4e59a185-7dda-48b1-852a-c744918865f7}</UniqueIdentifier>
    </Filter>
    <Filter Include="Imgae\Matarial">
      <UniqueIdentifier>{b6fad28f-a227-4ace-adf8-870f21691bd6}</UniqueIdentifier>
    </Filter>
    <Filter Include="Imgae\Texture">
      <UniqueIdentifier>{bc9727cb-6a5d-4d2d-ae5d-93620a72ff4d}</UniqueIdentifier>
    </Filter>
    <Filter Include="Imgae\UISprite">
      <UniqueIdentifier>{a2cf1341-5bca-4a44-85d7-930ec194ab70}</UniqueIdentifier>
    </Filter>
    <Filter Include="Utils\DataSaver">
      <UniqueIdentifier>{3f0e4e25-d4c3-4c98-8aab-569ad3a61a5c}</UniqueIdentifier>
    </Filter>
    <Filter Include="Component\UI\Text">
      <UniqueIdentifier>{2f2a9c1b-7bb9-4639-8a75-1b3d60748e47}</UniqueIdentifier>
    </Filter>
    <Filter Include="Component\Camera\CutSceneCamera">
      <UniqueIdentifier>{c00671a4-d7a6-417d-8f55-a14c0419c49e}</UniqueIdentifier>
    </Filter>
  </ItemGroup>
  <ItemGroup>
    <ClCompile Include="Processor.cpp">
      <Filter>Processor</Filter>
    </ClCompile>
    <ClCompile Include="TimeManager.cpp">
      <Filter>Manager\Time</Filter>
    </ClCompile>
    <ClCompile Include="InputManager.cpp">
      <Filter>Manager\Input</Filter>
    </ClCompile>
    <ClCompile Include="Entity.cpp">
      <Filter>Enitity</Filter>
    </ClCompile>
    <ClCompile Include="Component.cpp">
      <Filter>Component</Filter>
    </ClCompile>
    <ClCompile Include="TestComponent.cpp">
      <Filter>Component\Test</Filter>
    </ClCompile>
    <ClCompile Include="Scene.cpp">
      <Filter>Scene</Filter>
    </ClCompile>
    <ClCompile Include="SceneManager.cpp">
      <Filter>Manager\Scene</Filter>
    </ClCompile>
    <ClCompile Include="Transform.cpp">
      <Filter>Component\Transform</Filter>
    </ClCompile>
    <ClCompile Include="EventManager.cpp">
      <Filter>Manager\Event</Filter>
    </ClCompile>
    <ClCompile Include="EventHandler.cpp">
      <Filter>Manager\Event\Handler</Filter>
    </ClCompile>
    <ClCompile Include="Managers.cpp">
      <Filter>Manager</Filter>
    </ClCompile>
    <ClCompile Include="..\Utils\SimpleMath.cpp">
      <Filter>SimpleMath</Filter>
    </ClCompile>
    <ClCompile Include="TypeInfo.cpp">
      <Filter>Reflection\Advanced</Filter>
    </ClCompile>
    <ClCompile Include="Property.cpp">
      <Filter>Reflection\Advanced</Filter>
    </ClCompile>
    <ClCompile Include="RigidBody.cpp">
      <Filter>Component\Rigidbody</Filter>
    </ClCompile>
    <ClCompile Include="Collider.cpp">
      <Filter>Component\Collider</Filter>
    </ClCompile>
    <ClCompile Include="BoxCollider.cpp">
      <Filter>Component\Collider\Box</Filter>
    </ClCompile>
    <ClCompile Include="CapsuleCollider.cpp">
      <Filter>Component\Collider\Capsule</Filter>
    </ClCompile>
    <ClCompile Include="SphereCollider.cpp">
      <Filter>Component\Collider\Sphere</Filter>
    </ClCompile>
    <ClCompile Include="PhysicsManager.cpp">
      <Filter>Manager\PhysX</Filter>
    </ClCompile>
    <ClCompile Include="GraphicsManager.cpp">
      <Filter>Manager\Graphics</Filter>
    </ClCompile>
    <ClCompile Include="Camera.cpp">
      <Filter>Component\Camera</Filter>
    </ClCompile>
    <ClCompile Include="StringConverter.cpp">
      <Filter>Utils\String</Filter>
    </ClCompile>
    <ClCompile Include="PxEventCallback.cpp">
      <Filter>Manager\PhysX</Filter>
    </ClCompile>
    <ClCompile Include="EditorUI.cpp">
      <Filter>EditorUI</Filter>
    </ClCompile>
    <ClCompile Include="TypeUI.cpp">
      <Filter>Utils\ImguiTypeUI</Filter>
    </ClCompile>
    <ClCompile Include="DirectionLight.cpp">
      <Filter>Component\Light</Filter>
    </ClCompile>
    <ClCompile Include="Animator.cpp">
      <Filter>Component\Animator</Filter>
    </ClCompile>
    <ClCompile Include="Controller.cpp">
      <Filter>Component\PlayerController</Filter>
    </ClCompile>
    <ClCompile Include="EditorCamera.cpp">
      <Filter>EditorUI\EditorCamera</Filter>
    </ClCompile>
    <ClCompile Include="MathUtil.cpp">
      <Filter>Utils\Math</Filter>
    </ClCompile>
    <ClCompile Include="PointLight.cpp">
      <Filter>Component\Light</Filter>
    </ClCompile>
    <ClCompile Include="UnityParser.cpp">
      <Filter>UnityParser</Filter>
    </ClCompile>
    <ClCompile Include="NavGeom.cpp">
      <Filter>navMesh</Filter>
    </ClCompile>
    <ClCompile Include="NavMeshGenerater.cpp">
      <Filter>navMesh</Filter>
    </ClCompile>
    <ClCompile Include="Mesh.cpp">
      <Filter>Component\Mesh\StaticMesh</Filter>
    </ClCompile>
    <ClCompile Include="SkinnedMesh.cpp">
      <Filter>Component\Mesh\SkindedMesh</Filter>
    </ClCompile>
    <ClCompile Include="Material.cpp">
      <Filter>Imgae\Matarial</Filter>
    </ClCompile>
    <ClCompile Include="Texture.cpp">
      <Filter>Imgae\Texture</Filter>
    </ClCompile>
    <ClCompile Include="EntityHierarchy.cpp">
      <Filter>EditorUI\Context\Hierachy</Filter>
    </ClCompile>
    <ClCompile Include="Inspector.cpp">
      <Filter>EditorUI\Context\inspector</Filter>
    </ClCompile>
    <ClCompile Include="EditorContext.cpp">
      <Filter>EditorUI\Context</Filter>
    </ClCompile>
    <ClCompile Include="MenuBar.cpp">
      <Filter>EditorUI\Context\Menu</Filter>
    </ClCompile>
    <ClCompile Include="NewScenePopup.cpp">
      <Filter>EditorUI\Context\Menu\NewScene</Filter>
    </ClCompile>
    <ClCompile Include="LoadMapDataPopup.cpp">
      <Filter>EditorUI\Context\Menu\Load Map Data</Filter>
    </ClCompile>
    <ClCompile Include="LinkBonePopup.cpp">
      <Filter>EditorUI\Context\Hierachy\LinkBone</Filter>
    </ClCompile>
    <ClCompile Include="SpotLight.cpp">
      <Filter>Component\Light</Filter>
    </ClCompile>
    <ClCompile Include="ThreadPool.cpp">
      <Filter>Utils\ThreadPool</Filter>
    </ClCompile>
    <ClCompile Include="MeshCollider.cpp">
      <Filter>Component\Collider\Mesh</Filter>
    </ClCompile>
    <ClCompile Include="FreeCamera.cpp">
      <Filter>Component\Camera</Filter>
    </ClCompile>
    <ClCompile Include="ParticleManager.cpp">
      <Filter>Manager\Particle</Filter>
    </ClCompile>
    <ClCompile Include="Particle.cpp" />
    <ClCompile Include="SoundManager.cpp">
      <Filter>Manager\sound</Filter>
    </ClCompile>
    <ClCompile Include="TFileUtils.cpp">
      <Filter>Utils\File</Filter>
    </ClCompile>
    <ClCompile Include="UI.cpp">
      <Filter>Component\UI</Filter>
    </ClCompile>
    <ClCompile Include="Method.cpp">
      <Filter>Reflection\Advanced</Filter>
    </ClCompile>
    <ClCompile Include="ButtonBehavior.cpp">
      <Filter>Component\UI\ButtonBehavior</Filter>
    </ClCompile>
    <ClCompile Include="ComponentFactory.cpp">
      <Filter>Utils\Factory\Component</Filter>
    </ClCompile>
    <ClCompile Include="ButtonFactory.cpp">
      <Filter>Utils\Factory\Button</Filter>
    </ClCompile>
    <ClCompile Include="UISpriteSet.cpp">
      <Filter>Imgae\UISprite</Filter>
    </ClCompile>
    <ClCompile Include="classDataSaver.cpp">
      <Filter>Utils\DataSaver</Filter>
    </ClCompile>
    <ClCompile Include="TextUI.cpp">
      <Filter>Component\UI\Text</Filter>
    </ClCompile>
    <ClCompile Include="CineCamera.cpp" />
  </ItemGroup>
  <ItemGroup>
    <ClInclude Include="Processor.h">
      <Filter>Processor</Filter>
    </ClInclude>
    <ClInclude Include="TimeManager.h">
      <Filter>Manager\Time</Filter>
    </ClInclude>
    <ClInclude Include="Headers.h" />
    <ClInclude Include="InputManager.h">
      <Filter>Manager\Input</Filter>
    </ClInclude>
    <ClInclude Include="Entity.h">
      <Filter>Enitity</Filter>
    </ClInclude>
    <ClInclude Include="Component.h">
      <Filter>Component</Filter>
    </ClInclude>
    <ClInclude Include="TestComponent.h">
      <Filter>Component\Test</Filter>
    </ClInclude>
    <ClInclude Include="Scene.h">
      <Filter>Scene</Filter>
    </ClInclude>
    <ClInclude Include="SceneManager.h">
      <Filter>Manager\Scene</Filter>
    </ClInclude>
    <ClInclude Include="Transform.h">
      <Filter>Component\Transform</Filter>
    </ClInclude>
    <ClInclude Include="EventManager.h">
      <Filter>Manager\Event</Filter>
    </ClInclude>
    <ClInclude Include="EventHandler.h">
      <Filter>Manager\Event\Handler</Filter>
    </ClInclude>
    <ClInclude Include="Managers.h">
      <Filter>Manager</Filter>
    </ClInclude>
    <ClInclude Include="Macro.h" />
    <ClInclude Include="..\Utils\SimpleMath.h">
      <Filter>SimpleMath</Filter>
    </ClInclude>
    <ClInclude Include="Method.h">
      <Filter>Reflection\Advanced</Filter>
    </ClInclude>
    <ClInclude Include="MethodMacros.h">
      <Filter>Reflection\Advanced</Filter>
    </ClInclude>
    <ClInclude Include="Property.h">
      <Filter>Reflection\Advanced</Filter>
    </ClInclude>
    <ClInclude Include="PropertyMacros.h">
      <Filter>Reflection\Advanced</Filter>
    </ClInclude>
    <ClInclude Include="AdvanceReflection.h">
      <Filter>Reflection\Advanced</Filter>
    </ClInclude>
    <ClInclude Include="TypeInfo.h">
      <Filter>Reflection\Advanced</Filter>
    </ClInclude>
    <ClInclude Include="TypeInfoMacros.h">
      <Filter>Reflection\Advanced</Filter>
    </ClInclude>
    <ClInclude Include="RigidBody.h">
      <Filter>Component\Rigidbody</Filter>
    </ClInclude>
    <ClInclude Include="Collider.h">
      <Filter>Component\Collider</Filter>
    </ClInclude>
    <ClInclude Include="BoxCollider.h">
      <Filter>Component\Collider\Box</Filter>
    </ClInclude>
    <ClInclude Include="CapsuleCollider.h">
      <Filter>Component\Collider\Capsule</Filter>
    </ClInclude>
    <ClInclude Include="SphereCollider.h">
      <Filter>Component\Collider\Sphere</Filter>
    </ClInclude>
    <ClInclude Include="PhysicsManager.h">
      <Filter>Manager\PhysX</Filter>
    </ClInclude>
    <ClInclude Include="GraphicsManager.h">
      <Filter>Manager\Graphics</Filter>
    </ClInclude>
    <ClInclude Include="Camera.h">
      <Filter>Component\Camera</Filter>
    </ClInclude>
    <ClInclude Include="ShapeType.h">
      <Filter>Manager\PhysX</Filter>
    </ClInclude>
    <ClInclude Include="StringConverter.h">
      <Filter>Utils\String</Filter>
    </ClInclude>
    <ClInclude Include="PxEventCallback.h">
      <Filter>Manager\PhysX</Filter>
    </ClInclude>
    <ClInclude Include="EditorUI.h">
      <Filter>EditorUI</Filter>
    </ClInclude>
    <ClInclude Include="TypeUI.h">
      <Filter>Utils\ImguiTypeUI</Filter>
    </ClInclude>
    <ClInclude Include="DirectionLight.h">
      <Filter>Component\Light</Filter>
    </ClInclude>
    <ClInclude Include="Animator.h">
      <Filter>Component\Animator</Filter>
    </ClInclude>
    <ClInclude Include="Controller.h">
      <Filter>Component\PlayerController</Filter>
    </ClInclude>
    <ClInclude Include="EditorCamera.h">
      <Filter>EditorUI\EditorCamera</Filter>
    </ClInclude>
    <ClInclude Include="MathUtil.h">
      <Filter>Utils\Math</Filter>
    </ClInclude>
    <ClInclude Include="PointLight.h">
      <Filter>Component\Light</Filter>
    </ClInclude>
    <ClInclude Include="UnityParser.h">
      <Filter>UnityParser</Filter>
    </ClInclude>
    <ClInclude Include="NavGeom.h">
      <Filter>navMesh</Filter>
    </ClInclude>
    <ClInclude Include="NavMeshGenerater.h">
      <Filter>navMesh</Filter>
    </ClInclude>
    <ClInclude Include="Mesh.h">
      <Filter>Component\Mesh\StaticMesh</Filter>
    </ClInclude>
    <ClInclude Include="SkinnedMesh.h">
      <Filter>Component\Mesh\SkindedMesh</Filter>
    </ClInclude>
    <ClInclude Include="Material.h">
      <Filter>Imgae\Matarial</Filter>
    </ClInclude>
    <ClInclude Include="Texture.h">
      <Filter>Imgae\Texture</Filter>
    </ClInclude>
    <ClInclude Include="EntityHierarchy.h">
      <Filter>EditorUI\Context\Hierachy</Filter>
    </ClInclude>
    <ClInclude Include="Inspector.h">
      <Filter>EditorUI\Context\inspector</Filter>
    </ClInclude>
    <ClInclude Include="EditorContext.h">
      <Filter>EditorUI\Context</Filter>
    </ClInclude>
    <ClInclude Include="MenuBar.h">
      <Filter>EditorUI\Context\Menu</Filter>
    </ClInclude>
    <ClInclude Include="NewScenePopup.h">
      <Filter>EditorUI\Context\Menu\NewScene</Filter>
    </ClInclude>
    <ClInclude Include="LoadMapDataPopup.h">
      <Filter>EditorUI\Context\Menu\Load Map Data</Filter>
    </ClInclude>
    <ClInclude Include="LinkBonePopup.h">
      <Filter>EditorUI\Context\Hierachy\LinkBone</Filter>
    </ClInclude>
    <ClInclude Include="SpotLight.h">
      <Filter>Component\Light</Filter>
    </ClInclude>
    <ClInclude Include="EditorDefine.h" />
    <ClInclude Include="ThreadPool.h">
      <Filter>Utils\ThreadPool</Filter>
    </ClInclude>
    <ClInclude Include="MeshCollider.h">
      <Filter>Component\Collider\Mesh</Filter>
    </ClInclude>
    <ClInclude Include="FreeCamera.h">
      <Filter>Component\Camera</Filter>
    </ClInclude>
    <ClInclude Include="ParticleManager.h">
      <Filter>Manager\Particle</Filter>
    </ClInclude>
    <ClInclude Include="Particle.h" />
    <ClInclude Include="SoundManager.h">
      <Filter>Manager\sound</Filter>
    </ClInclude>
    <ClInclude Include="TFileUtils.h">
      <Filter>Utils\File</Filter>
    </ClInclude>
    <ClInclude Include="UI.h">
      <Filter>Component\UI</Filter>
    </ClInclude>
    <ClInclude Include="ButtonBehavior.h">
      <Filter>Component\UI\ButtonBehavior</Filter>
    </ClInclude>
    <ClInclude Include="ComponentFactory.h">
      <Filter>Utils\Factory\Component</Filter>
    </ClInclude>
    <ClInclude Include="ButtonFactory.h">
      <Filter>Utils\Factory\Button</Filter>
    </ClInclude>
    <ClInclude Include="UISpriteSet.h">
      <Filter>Imgae\UISprite</Filter>
    </ClInclude>
    <ClInclude Include="ClassDataSaver.h">
      <Filter>Utils\DataSaver</Filter>
    </ClInclude>
    <ClInclude Include="TextUI.h">
      <Filter>Component\UI\Text</Filter>
    </ClInclude>
    <ClInclude Include="CineCamera.h" />
  </ItemGroup>
</Project>