<?xml version="1.0" encoding="utf-8"?>
<Project ToolsVersion="4.0" xmlns="http://schemas.microsoft.com/developer/msbuild/2003">
  <ItemGroup>
    <Filter Include="소스 파일">
      <UniqueIdentifier>{4FC737F1-C7A5-4376-A066-2A32D752A2FF}</UniqueIdentifier>
      <Extensions>cpp;c;cc;cxx;c++;cppm;ixx;def;odl;idl;hpj;bat;asm;asmx</Extensions>
    </Filter>
    <Filter Include="헤더 파일">
      <UniqueIdentifier>{93995380-89BD-4b04-88EB-625FBE52EBFB}</UniqueIdentifier>
      <Extensions>h;hh;hpp;hxx;h++;hm;inl;inc;ipp;xsd</Extensions>
    </Filter>
    <Filter Include="리소스 파일">
      <UniqueIdentifier>{67DA6AB6-F800-4c08-8B7A-83BB121AAD01}</UniqueIdentifier>
      <Extensions>rc;ico;cur;bmp;dlg;rc2;rct;bin;rgs;gif;jpg;jpeg;jpe;resx;tiff;tif;png;wav;mfcribbon-ms</Extensions>
    </Filter>
    <Filter Include="Scene">
      <UniqueIdentifier>{3c8b76da-e1da-4357-9c74-ed361c957f4e}</UniqueIdentifier>
    </Filter>
    <Filter Include="Component">
      <UniqueIdentifier>{e172fa2e-c0eb-4ecb-b2f9-5ad87389de9b}</UniqueIdentifier>
    </Filter>
    <Filter Include="Component\Bullet">
      <UniqueIdentifier>{8a6966f1-adc0-47d9-8eaa-1a998d8e63ff}</UniqueIdentifier>
    </Filter>
    <Filter Include="Component\DebugComponent">
      <UniqueIdentifier>{efe874c3-c70a-4af3-ad04-09ed6df054f7}</UniqueIdentifier>
    </Filter>
    <Filter Include="Component\Player">
      <UniqueIdentifier>{03ea1fc6-15c7-4802-bb06-a1c633911e36}</UniqueIdentifier>
    </Filter>
    <Filter Include="Component\BattleSystem">
      <UniqueIdentifier>{fbe94c66-3d27-4980-865e-234609cf9e54}</UniqueIdentifier>
    </Filter>
    <Filter Include="Component\BattleSystem\DamageSystem">
      <UniqueIdentifier>{b3bc1aae-ce59-47ed-9762-826fc15645c6}</UniqueIdentifier>
    </Filter>
    <Filter Include="Component\Enemy">
      <UniqueIdentifier>{e864a2a5-287c-447b-8b00-aa05e9901fee}</UniqueIdentifier>
    </Filter>
    <Filter Include="Component\BattleSystem\Weapon">
      <UniqueIdentifier>{9444ff9b-e7ce-4eb5-a751-7b11655795bf}</UniqueIdentifier>
    </Filter>
    <Filter Include="Component\Base">
      <UniqueIdentifier>{d9d0c37b-ef3a-4df1-b394-6d03770b4328}</UniqueIdentifier>
    </Filter>
    <Filter Include="Component\BattleSystem\SkillTree">
      <UniqueIdentifier>{d45d343d-5751-4eed-9a90-3b77d9d5ff69}</UniqueIdentifier>
    </Filter>
    <Filter Include="Component\HitStop">
      <UniqueIdentifier>{dc233b34-fe3e-47d2-a8f6-bcad2b8aedbe}</UniqueIdentifier>
    </Filter>
    <Filter Include="TestEntity">
      <UniqueIdentifier>{82be83b1-c6ef-4185-add1-daae83ea1cb0}</UniqueIdentifier>
    </Filter>
    <Filter Include="TestEntity\BejieTest">
      <UniqueIdentifier>{4c7c6d36-d005-4f29-b10a-509ff47229de}</UniqueIdentifier>
    </Filter>
    <Filter Include="Component\Boss">
      <UniqueIdentifier>{169424a4-957d-4f4b-9f0f-0512a90777e3}</UniqueIdentifier>
    </Filter>
    <Filter Include="Component\Ranger">
      <UniqueIdentifier>{5455936b-ba9c-4982-ac1a-603cd865476c}</UniqueIdentifier>
    </Filter>
    <Filter Include="Component\AutoTarget">
      <UniqueIdentifier>{52c87665-16dc-484c-861c-f6fa6129208e}</UniqueIdentifier>
    </Filter>
    <Filter Include="Component\Effect">
      <UniqueIdentifier>{10adbfe9-94d3-420f-a326-b3649a822262}</UniqueIdentifier>
    </Filter>
    <Filter Include="Component\MapMove">
      <UniqueIdentifier>{048e812f-4b82-4b77-b246-8ec49669dafb}</UniqueIdentifier>
    </Filter>
    <Filter Include="Component\FrameCounter">
      <UniqueIdentifier>{b1fdbea3-a874-4e31-a1ee-3670ac42fb34}</UniqueIdentifier>
    </Filter>
    <Filter Include="YAML Resource">
      <UniqueIdentifier>{74c1985e-53b3-40a8-b9ee-fab0919ba7a1}</UniqueIdentifier>
    </Filter>
    <Filter Include="YAML Resource\Particle">
      <UniqueIdentifier>{a247670e-13a1-416d-83a7-2dacbd587a23}</UniqueIdentifier>
    </Filter>
    <Filter Include="YAML Resource\ceniCameraData">
      <UniqueIdentifier>{873b4e80-3c37-4c80-8648-021f68b6cc8e}</UniqueIdentifier>
    </Filter>
    <Filter Include="Component\Camera">
      <UniqueIdentifier>{d33b5163-594b-4014-82a9-21108e121a90}</UniqueIdentifier>
    </Filter>
    <Filter Include="Component\TitleButton">
      <UniqueIdentifier>{7fa272f0-fa0e-4825-9cf4-988d4347da9e}</UniqueIdentifier>
    </Filter>
    <Filter Include="Component\Light">
      <UniqueIdentifier>{4b8610a4-d062-4c3b-86a8-bb0961bc1899}</UniqueIdentifier>
    </Filter>
    <Filter Include="Component\Sound">
      <UniqueIdentifier>{0e3bdcbc-18b8-4f86-81d2-8b7a9de433eb}</UniqueIdentifier>
    </Filter>
    <Filter Include="Component\AnchorCamera">
      <UniqueIdentifier>{623b97e3-844a-4d66-9840-784542345422}</UniqueIdentifier>
    </Filter>
    <Filter Include="Component\FailedUI">
      <UniqueIdentifier>{e3e62388-7bff-4dd7-b74f-b31b39c8e04d}</UniqueIdentifier>
    </Filter>
    <Filter Include="Component\TitleUI">
      <UniqueIdentifier>{787aa36b-2408-4b6c-bc24-062f32af7fcc}</UniqueIdentifier>
    </Filter>
    <Filter Include="Component\ClearUI">
      <UniqueIdentifier>{3c81ab4a-3652-46b4-926f-394836f16efa}</UniqueIdentifier>
    </Filter>
    <Filter Include="Component\LoadingUI">
      <UniqueIdentifier>{e0fc2aa1-ebf9-4b27-bd59-ba0a92cd7d62}</UniqueIdentifier>
    </Filter>
  </ItemGroup>
  <ItemGroup>
    <ClInclude Include="framework.h">
      <Filter>헤더 파일</Filter>
    </ClInclude>
    <ClInclude Include="targetver.h">
      <Filter>헤더 파일</Filter>
    </ClInclude>
    <ClInclude Include="Resource.h">
      <Filter>헤더 파일</Filter>
    </ClInclude>
    <ClInclude Include="EngineDemo.h">
      <Filter>헤더 파일</Filter>
    </ClInclude>
    <ClInclude Include="BulletMove.h">
      <Filter>Component\Bullet</Filter>
    </ClInclude>
    <ClInclude Include="Shooter.h">
      <Filter>Component\Bullet</Filter>
    </ClInclude>
    <ClInclude Include="TestMovement.h">
      <Filter>헤더 파일</Filter>
    </ClInclude>
    <ClInclude Include="Player.h">
      <Filter>Component\Player</Filter>
    </ClInclude>
    <ClInclude Include="ComponentBase.h">
      <Filter>Component\DebugComponent</Filter>
    </ClInclude>
    <ClInclude Include="Enemy.h">
      <Filter>Component\Enemy</Filter>
    </ClInclude>
    <ClInclude Include="PlayerController.h">
      <Filter>Component\Player</Filter>
    </ClInclude>
    <ClInclude Include="PlayerCamera.h">
      <Filter>Component\Player</Filter>
    </ClInclude>
    <ClInclude Include="PlayerAnimator.h">
      <Filter>Component\Player</Filter>
    </ClInclude>
    <ClInclude Include="MeleeWeapon.h">
      <Filter>Component\BattleSystem\Weapon</Filter>
    </ClInclude>
    <ClInclude Include="DamageSystem.h">
      <Filter>Component\BattleSystem\DamageSystem</Filter>
    </ClInclude>
    <ClInclude Include="CombatZone.h">
      <Filter>Component\Enemy</Filter>
    </ClInclude>
    <ClInclude Include="EnemyController.h">
      <Filter>Component\Enemy</Filter>
    </ClInclude>
    <ClInclude Include="EnemyAnimator.h">
      <Filter>Component\Enemy</Filter>
    </ClInclude>
    <ClInclude Include="AnimationState.h">
      <Filter>Component\Base</Filter>
    </ClInclude>
    <ClInclude Include="RangedWeapon.h">
      <Filter>Component\BattleSystem\Weapon</Filter>
    </ClInclude>
    <ClInclude Include="SkillTree.h">
      <Filter>Component\BattleSystem\SkillTree</Filter>
    </ClInclude>
    <ClInclude Include="HitStop.h">
      <Filter>Component\HitStop</Filter>
    </ClInclude>
    <ClInclude Include="Skill.h">
      <Filter>Component\BattleSystem\SkillTree</Filter>
    </ClInclude>
    <ClInclude Include="BezierShooter.h">
      <Filter>TestEntity\BejieTest</Filter>
    </ClInclude>
    <ClInclude Include="BossAnimator.h">
      <Filter>Component\Boss</Filter>
    </ClInclude>
    <ClInclude Include="RangerAnimator.h">
      <Filter>Component\Ranger</Filter>
    </ClInclude>
    <ClInclude Include="BossSkill.h">
      <Filter>Component\Boss</Filter>
    </ClInclude>
    <ClInclude Include="SimpleDamager.h">
      <Filter>Component\BattleSystem\DamageSystem</Filter>
    </ClInclude>
    <ClInclude Include="AutoTarget.h">
      <Filter>Component\AutoTarget</Filter>
    </ClInclude>
    <ClInclude Include="ButtonTest.h">
      <Filter>헤더 파일</Filter>
    </ClInclude>
    <ClInclude Include="TimeDistortion.h">
      <Filter>Component\Boss</Filter>
    </ClInclude>
    <ClInclude Include="TestEffectGenerator.h">
      <Filter>Component\Effect</Filter>
    </ClInclude>
    <ClInclude Include="FrameUI.h">
      <Filter>Component\FrameCounter</Filter>
    </ClInclude>
    <ClInclude Include="MapMoveTrigger.h">
      <Filter>Component\MapMove</Filter>
    </ClInclude>
    <ClInclude Include="BossHPUI.h">
      <Filter>Component\Boss</Filter>
    </ClInclude>
    <ClInclude Include="PlayerHPUI.h">
      <Filter>Component\Player</Filter>
    </ClInclude>
    <ClInclude Include="Bullet.h">
      <Filter>Component\BattleSystem\DamageSystem</Filter>
    </ClInclude>
    <ClInclude Include="PlayerSkill.h">
      <Filter>Component\Player</Filter>
    </ClInclude>
    <ClInclude Include="PlayerCPUI.h">
      <Filter>Component\Player</Filter>
    </ClInclude>
    <ClInclude Include="PlayerHPTextUI.h">
      <Filter>Component\Player</Filter>
    </ClInclude>
    <ClInclude Include="CutSceneTrigger.h">
      <Filter>헤더 파일</Filter>
    </ClInclude>
    <ClInclude Include="FixedCamera.h">
      <Filter>Component\Camera</Filter>
    </ClInclude>
    <ClInclude Include="StartButton.h">
      <Filter>Component\TitleButton</Filter>
    </ClInclude>
    <ClInclude Include="ExitButton.h">
      <Filter>헤더 파일</Filter>
    </ClInclude>
    <ClInclude Include="DotDamage.h">
      <Filter>헤더 파일</Filter>
    </ClInclude>
    <ClInclude Include="FollowPointLight.h">
      <Filter>헤더 파일</Filter>
    </ClInclude>
    <ClInclude Include="StageBGM.h">
      <Filter>Component\Sound</Filter>
    </ClInclude>
    <ClInclude Include="AnchorCamera.h">
      <Filter>Component\AnchorCamera</Filter>
    </ClInclude>
    <ClInclude Include="FailedUI.h">
      <Filter>Component\FailedUI</Filter>
    </ClInclude>
    <ClInclude Include="FailedButton.h">
      <Filter>Component\FailedUI</Filter>
    </ClInclude>
    <ClInclude Include="ClearUI.h">
      <Filter>Component\TitleUI</Filter>
    </ClInclude>
    <ClInclude Include="TitleUI.h">
      <Filter>Component\TitleUI</Filter>
    </ClInclude>
    <ClInclude Include="LoadingUI.h">
      <Filter>Component\LoadingUI</Filter>
    </ClInclude>
    <ClInclude Include="DataLoader.h">
      <Filter>헤더 파일</Filter>
    </ClInclude>
  </ItemGroup>
  <ItemGroup>
    <ClCompile Include="EngineDemo.cpp">
      <Filter>소스 파일</Filter>
    </ClCompile>
    <ClCompile Include="BulletMove.cpp">
      <Filter>Component\Bullet</Filter>
    </ClCompile>
    <ClCompile Include="Shooter.cpp">
      <Filter>Component\Bullet</Filter>
    </ClCompile>
    <ClCompile Include="TestMovement.cpp">
      <Filter>소스 파일</Filter>
    </ClCompile>
    <ClCompile Include="Player.cpp">
      <Filter>Component\Player</Filter>
    </ClCompile>
    <ClCompile Include="ComponentBase.cpp">
      <Filter>Component\DebugComponent</Filter>
    </ClCompile>
    <ClCompile Include="Enemy.cpp">
      <Filter>Component\Enemy</Filter>
    </ClCompile>
    <ClCompile Include="PlayerController.cpp">
      <Filter>Component\Player</Filter>
    </ClCompile>
    <ClCompile Include="PlayerCamera.cpp">
      <Filter>Component\Player</Filter>
    </ClCompile>
    <ClCompile Include="PlayerAnimator.cpp">
      <Filter>Component\Player</Filter>
    </ClCompile>
    <ClCompile Include="MeleeWeapon.cpp">
      <Filter>Component\BattleSystem\Weapon</Filter>
    </ClCompile>
    <ClCompile Include="DamageSystem.cpp">
      <Filter>Component\BattleSystem\DamageSystem</Filter>
    </ClCompile>
    <ClCompile Include="CombatZone.cpp">
      <Filter>Component\Enemy</Filter>
    </ClCompile>
    <ClCompile Include="EnemyController.cpp">
      <Filter>Component\Enemy</Filter>
    </ClCompile>
    <ClCompile Include="EnemyAnimator.cpp">
      <Filter>Component\Enemy</Filter>
    </ClCompile>
    <ClCompile Include="AnimationState.cpp">
      <Filter>Component\Base</Filter>
    </ClCompile>
    <ClCompile Include="RangedWeapon.cpp">
      <Filter>Component\BattleSystem\Weapon</Filter>
    </ClCompile>
    <ClCompile Include="SkillTree.cpp">
      <Filter>Component\BattleSystem\SkillTree</Filter>
    </ClCompile>
    <ClCompile Include="HitStop.cpp">
      <Filter>Component\HitStop</Filter>
    </ClCompile>
    <ClCompile Include="Skill.cpp">
      <Filter>Component\BattleSystem\SkillTree</Filter>
    </ClCompile>
    <ClCompile Include="BezierShooter.cpp">
      <Filter>TestEntity\BejieTest</Filter>
    </ClCompile>
    <ClCompile Include="BossAnimator.cpp">
      <Filter>Component\Boss</Filter>
    </ClCompile>
    <ClCompile Include="RangerAnimator.cpp">
      <Filter>Component\Ranger</Filter>
    </ClCompile>
    <ClCompile Include="BossSkill.cpp">
      <Filter>Component\Boss</Filter>
    </ClCompile>
    <ClCompile Include="SimpleDamager.cpp">
      <Filter>Component\BattleSystem\DamageSystem</Filter>
    </ClCompile>
    <ClCompile Include="AutoTarget.cpp">
      <Filter>Component\AutoTarget</Filter>
    </ClCompile>
    <ClCompile Include="ButtonTest.cpp">
      <Filter>소스 파일</Filter>
    </ClCompile>
    <ClCompile Include="TimeDistortion.cpp">
      <Filter>Component\Boss</Filter>
    </ClCompile>
    <ClCompile Include="TestEffectGenerator.cpp">
      <Filter>Component\Effect</Filter>
    </ClCompile>
    <ClCompile Include="FrameUI.cpp">
      <Filter>Component\FrameCounter</Filter>
    </ClCompile>
    <ClCompile Include="MapMoveTrigger.cpp">
      <Filter>Component\MapMove</Filter>
    </ClCompile>
    <ClCompile Include="BossHPUI.cpp">
      <Filter>Component\Boss</Filter>
    </ClCompile>
    <ClCompile Include="PlayerHPUI.cpp">
      <Filter>Component\Player</Filter>
    </ClCompile>
    <ClCompile Include="Bullet.cpp">
      <Filter>Component\BattleSystem\DamageSystem</Filter>
    </ClCompile>
    <ClCompile Include="PlayerSkill.cpp">
      <Filter>Component\Player</Filter>
    </ClCompile>
    <ClCompile Include="PlayerCPUI.cpp">
      <Filter>Component\Player</Filter>
    </ClCompile>
    <ClCompile Include="PlayerHPTextUI.cpp">
      <Filter>Component\Player</Filter>
    </ClCompile>
    <ClCompile Include="CutSceneTrigger.cpp">
      <Filter>소스 파일</Filter>
    </ClCompile>
    <ClCompile Include="FixedCamera.cpp">
      <Filter>Component\Camera</Filter>
    </ClCompile>
    <ClCompile Include="StartButton.cpp">
      <Filter>Component\TitleButton</Filter>
    </ClCompile>
    <ClCompile Include="ExitButton.cpp">
      <Filter>소스 파일</Filter>
    </ClCompile>
    <ClCompile Include="DotDamage.cpp">
      <Filter>소스 파일</Filter>
    </ClCompile>
    <ClCompile Include="FollowPointLight.cpp">
      <Filter>소스 파일</Filter>
    </ClCompile>
    <ClCompile Include="StageBGM.cpp">
      <Filter>Component\Sound</Filter>
    </ClCompile>
    <ClCompile Include="AnchorCamera.cpp">
      <Filter>Component\AnchorCamera</Filter>
    </ClCompile>
    <ClCompile Include="FailedUI.cpp">
      <Filter>Component\FailedUI</Filter>
    </ClCompile>
    <ClCompile Include="FailedButton.cpp">
      <Filter>Component\FailedUI</Filter>
    </ClCompile>
    <ClCompile Include="ClearUI.cpp">
      <Filter>Component\TitleUI</Filter>
    </ClCompile>
    <ClCompile Include="TitleUI.cpp">
      <Filter>Component\TitleUI</Filter>
    </ClCompile>
    <ClCompile Include="LoadingUI.cpp">
      <Filter>Component\LoadingUI</Filter>
    </ClCompile>
    <ClCompile Include="DataLoader.cpp">
      <Filter>소스 파일</Filter>
    </ClCompile>
  </ItemGroup>
  <ItemGroup>
    <ResourceCompile Include="EngineDemo.rc">
      <Filter>리소스 파일</Filter>
    </ResourceCompile>
  </ItemGroup>
  <ItemGroup>
    <Image Include="small.ico">
      <Filter>리소스 파일</Filter>
    </Image>
    <Image Include="EngineDemo.ico">
      <Filter>리소스 파일</Filter>
    </Image>
    <Image Include="..\Resources\ICon\main_gear_light.ico">
      <Filter>리소스 파일</Filter>
    </Image>
  </ItemGroup>
  <ItemGroup>
    <None Include="packages.config" />
    <None Include="..\Resources\Particles\Beam.yaml">
      <Filter>YAML Resource\Particle</Filter>
    </None>
    <None Include="..\Resources\Particles\Beam1.yaml">
      <Filter>YAML Resource\Particle</Filter>
    </None>
    <None Include="..\Resources\Particles\Beam2.yaml">
      <Filter>YAML Resource\Particle</Filter>
    </None>
    <None Include="..\Resources\Particles\BlackHole.yaml">
      <Filter>YAML Resource\Particle</Filter>
    </None>
    <None Include="..\Resources\Particles\BlackHoleSphere.yaml">
      <Filter>YAML Resource\Particle</Filter>
    </None>
    <None Include="..\Resources\Particles\ComAttack.yaml">
      <Filter>YAML Resource\Particle</Filter>
    </None>
    <None Include="..\Resources\Particles\ComAttack2.yaml">
      <Filter>YAML Resource\Particle</Filter>
    </None>
    <None Include="..\Resources\Particles\DodgeAttack.yaml">
      <Filter>YAML Resource\Particle</Filter>
    </None>
    <None Include="..\Resources\Particles\Fire.yaml">
      <Filter>YAML Resource\Particle</Filter>
    </None>
    <None Include="..\Resources\Particles\Fire_1.yaml">
      <Filter>YAML Resource\Particle</Filter>
    </None>
    <None Include="..\Resources\Particles\MagicCircle.yaml">
      <Filter>YAML Resource\Particle</Filter>
    </None>
    <None Include="..\Resources\Particles\NorAttack.yaml">
      <Filter>YAML Resource\Particle</Filter>
    </None>
    <None Include="..\Resources\Particles\NorAttack_S.yaml">
      <Filter>YAML Resource\Particle</Filter>
    </None>
    <None Include="..\Resources\Particles\ShootImpact.yaml">
      <Filter>YAML Resource\Particle</Filter>
    </None>
    <None Include="..\Resources\Particles\SpearImpact.yaml">
      <Filter>YAML Resource\Particle</Filter>
    </None>
    <None Include="..\Resources\Particles\SpearImpact1.yaml">
      <Filter>YAML Resource\Particle</Filter>
    </None>
    <None Include="..\Resources\Particles\SpearImpact2.yaml">
      <Filter>YAML Resource\Particle</Filter>
    </None>
    <None Include="..\Resources\CeniData\testCamera.yaml">
      <Filter>YAML Resource\ceniCameraData</Filter>
    </None>
    <None Include="..\Resources\CeniData\BossTest.yaml">
      <Filter>YAML Resource\ceniCameraData</Filter>
    </None>
  </ItemGroup>
</Project>